
Microsoft Visual Studio Solution File, Format Version 12.00
# Visual Studio Version 17
VisualStudioVersion = 17.0.32112.339
MinimumVisualStudioVersion = 10.0.40219.1
Project("{FAE04EC0-301F-11D3-BF4B-00C04F79EFBC}") = "TaskProducts", "TaskProducts\TaskProducts.csproj", "{A29A47D5-5963-4214-9267-DA67405DA816}"
EndProject
Global
	GlobalSection(SolutionConfigurationPlatforms) = preSolution
		Debug|Any CPU = Debug|Any CPU
		Release|Any CPU = Release|Any CPU
	EndGlobalSection
	GlobalSection(ProjectConfigurationPlatforms) = postSolution
		{A29A47D5-5963-4214-9267-DA67405DA816}.Debug|Any CPU.ActiveCfg = Debug|Any CPU
		{A29A47D5-5963-4214-9267-DA67405DA816}.Debug|Any CPU.Build.0 = Debug|Any CPU
		{A29A47D5-5963-4214-9267-DA67405DA816}.Release|Any CPU.ActiveCfg = Release|Any CPU
		{A29A47D5-5963-4214-9267-DA67405DA816}.Release|Any CPU.Build.0 = Release|Any CPU
	EndGlobalSection
	GlobalSection(SolutionProperties) = preSolution
		HideSolutionNode = FALSE
	EndGlobalSection
	GlobalSection(ExtensibilityGlobals) = postSolution
		SolutionGuid = {F352C00C-2C5F-4915-803A-3163373251D4}
	EndGlobalSection
EndGlobal
